PODS:
  - Djinni (4.5.0):
    - DjinniSwift (= 4.5.0)
  - DjinniSwift (4.5.0)

DEPENDENCIES:
  - Djinni (from `../../Djinni.podspec`)
  - DjinniSwift (from `../../DjinniSwift.podspec`)

EXTERNAL SOURCES:
  Djinni:
    :path: "../../Djinni.podspec"
  DjinniSwift:
    :path: "../../DjinniSwift.podspec"

SPEC CHECKSUMS:
  Djinni: c6d29ee59926340cf639f737635b4a9ae7731609
  DjinniSwift: 2842a0931c7d1fa060b0d02caf330f401c82e0d6

PODFILE CHECKSUM: 8cd63a409e4f613c78eda77b49152ec7fbe962ba

COCOAPODS: 1.10.0
