PODS:
  - Djinni (4.4.1):
    - Djinni/objc (= 4.4.1)
  - Djinni/objc (4.4.1)

DEPENDENCIES:
  - Djinni (from `../../../../Djinni.podspec`)

EXTERNAL SOURCES:
  Djinni:
    :path: "../../../../Djinni.podspec"

SPEC CHECKSUMS:
  Djinni: de170220fcf453440e0fa7c71582040aa095591d

PODFILE CHECKSUM: 3904d1eaa13fdd571b5e42f7c7fcf95951c912af

COCOAPODS: 1.9.3
