// !$*UTF8*$!
{
	archiveVersion = 1;
	classes = {
	};
	objectVersion = 51;
	objects = {

/* Begin PBXBuildFile section */
		2C2BF98A2507360B002882AC /* my_enum.hpp in Headers */ = {isa = PBXBuildFile; fileRef = 2C2BF9222507360B002882AC /* my_enum.hpp */; };
		2C2BF98B2507360B002882AC /* rc.hpp in Headers */ = {isa = PBXBuildFile; fileRef = 2C2BF9232507360B002882AC /* rc.hpp */; };
		2C2BF98C2507360B002882AC /* hello.hpp in Headers */ = {isa = PBXBuildFile; fileRef = 2C2BF9242507360B002882AC /* hello.hpp */; };
		2C2BF98D2507360B002882AC /* my_record.hpp in Headers */ = {isa = PBXBuildFile; fileRef = 2C2BF9252507360B002882AC /* my_record.hpp */; };
		2C2BF98E2507360B002882AC /* MyEnum.h in Headers */ = {isa = PBXBuildFile; fileRef = 2C2BF9272507360B002882AC /* MyEnum.h */; settings = {ATTRIBUTES = (Public, ); }; };
		2C2BF9902507360B002882AC /* MyRecord+Internal.swift in Sources */ = {isa = PBXBuildFile; fileRef = 2C2BF9292507360B002882AC /* MyRecord+Internal.swift */; };
		2C2BF9922507360B002882AC /* DjinniExample.h in Headers */ = {isa = PBXBuildFile; fileRef = 2C2BF92B2507360B002882AC /* DjinniExample.h */; settings = {ATTRIBUTES = (Public, ); }; };
		2C2BF9932507360B002882AC /* Hello.h in Headers */ = {isa = PBXBuildFile; fileRef = 2C2BF92C2507360B002882AC /* Hello.h */; settings = {ATTRIBUTES = (Public, ); }; };
		2C2BF9942507360B002882AC /* Rc+Internal.swift in Sources */ = {isa = PBXBuildFile; fileRef = 2C2BF92D2507360B002882AC /* Rc+Internal.swift */; };
		2C2BF9952507360B002882AC /* Rc.swift in Sources */ = {isa = PBXBuildFile; fileRef = 2C2BF92E2507360B002882AC /* Rc.swift */; };
		2C2BF9962507360B002882AC /* MyRecord.swift in Sources */ = {isa = PBXBuildFile; fileRef = 2C2BF92F2507360B002882AC /* MyRecord.swift */; };
		2C2BF9C22507360B002882AC /* Rc+Private.mm in Sources */ = {isa = PBXBuildFile; fileRef = 2C2BF95E2507360B002882AC /* Rc+Private.mm */; };
		2C2BF9C32507360B002882AC /* Hello+Private.h in Headers */ = {isa = PBXBuildFile; fileRef = 2C2BF95F2507360B002882AC /* Hello+Private.h */; };
		2C2BF9C42507360B002882AC /* MyEnum+Private.h in Headers */ = {isa = PBXBuildFile; fileRef = 2C2BF9602507360B002882AC /* MyEnum+Private.h */; };
		2C2BF9C52507360B002882AC /* MyRecord+Private.h in Headers */ = {isa = PBXBuildFile; fileRef = 2C2BF9612507360B002882AC /* MyRecord+Private.h */; };
		2C2BF9C62507360B002882AC /* Hello+Private.mm in Sources */ = {isa = PBXBuildFile; fileRef = 2C2BF9622507360B002882AC /* Hello+Private.mm */; };
		2C2BF9C72507360B002882AC /* MyRecord+Private.mm in Sources */ = {isa = PBXBuildFile; fileRef = 2C2BF9632507360B002882AC /* MyRecord+Private.mm */; };
		2C2BF9C82507360B002882AC /* Rc+Private.h in Headers */ = {isa = PBXBuildFile; fileRef = 2C2BF9642507360B002882AC /* Rc+Private.h */; };
		658FA1B360D583AC5C75D52B /* Pods_DjinniExample.framework in Frameworks */ = {isa = PBXBuildFile; fileRef = 5EBF384C3CA7A9D0BDB60A21 /* Pods_DjinniExample.framework */; };
		6BD149451F399585C9999F95 /* Pods_djinni_ios_example.framework in Frameworks */ = {isa = PBXBuildFile; fileRef = 9FB4FD3D879DE922AA228335 /* Pods_djinni_ios_example.framework */; };
		7C6655A8241371760054DA04 /* DjinniExample.framework in Frameworks */ = {isa = PBXBuildFile; fileRef = 7C6655A1241371760054DA04 /* DjinniExample.framework */; };
		7C6655A9241371760054DA04 /* DjinniExample.framework in Embed Frameworks */ = {isa = PBXBuildFile; fileRef = 7C6655A1241371760054DA04 /* DjinniExample.framework */; settings = {ATTRIBUTES = (CodeSignOnCopy, RemoveHeadersOnCopy, ); }; };
		7C665635241387050054DA04 /* hello_impl.cpp in Sources */ = {isa = PBXBuildFile; fileRef = 7C665633241387050054DA04 /* hello_impl.cpp */; };
		7C665636241387050054DA04 /* hello_impl.hpp in Headers */ = {isa = PBXBuildFile; fileRef = 7C665634241387050054DA04 /* hello_impl.hpp */; };
		7CA93C1B240FA6D900C27267 /* AppDelegate.swift in Sources */ = {isa = PBXBuildFile; fileRef = 7CA93C1A240FA6D900C27267 /* AppDelegate.swift */; };
		7CA93C1D240FA6D900C27267 /* SceneDelegate.swift in Sources */ = {isa = PBXBuildFile; fileRef = 7CA93C1C240FA6D900C27267 /* SceneDelegate.swift */; };
		7CA93C1F240FA6D900C27267 /* ViewController.swift in Sources */ = {isa = PBXBuildFile; fileRef = 7CA93C1E240FA6D900C27267 /* ViewController.swift */; };
		7CA93C22240FA6D900C27267 /* Main.storyboard in Resources */ = {isa = PBXBuildFile; fileRef = 7CA93C20240FA6D900C27267 /* Main.storyboard */; };
		7CA93C24240FA6DC00C27267 /* Assets.xcassets in Resources */ = {isa = PBXBuildFile; fileRef = 7CA93C23240FA6DC00C27267 /* Assets.xcassets */; };
		7CA93C27240FA6DC00C27267 /* LaunchScreen.storyboard in Resources */ = {isa = PBXBuildFile; fileRef = 7CA93C25240FA6DC00C27267 /* LaunchScreen.storyboard */; };
/* End PBXBuildFile section */

/* Begin PBXContainerItemProxy section */
		7C6655A6241371760054DA04 /* PBXContainerItemProxy */ = {
			isa = PBXContainerItemProxy;
			containerPortal = 7CA93C0F240FA6D900C27267 /* Project object */;
			proxyType = 1;
			remoteGlobalIDString = 7C6655A0241371760054DA04;
			remoteInfo = DjinniExample;
		};
/* End PBXContainerItemProxy section */

/* Begin PBXCopyFilesBuildPhase section */
		7C6655AA241371760054DA04 /* Embed Frameworks */ = {
			isa = PBXCopyFilesBuildPhase;
			buildActionMask = 2147483647;
			dstPath = "";
			dstSubfolderSpec = 10;
			files = (
				7C6655A9241371760054DA04 /* DjinniExample.framework in Embed Frameworks */,
			);
			name = "Embed Frameworks";
			runOnlyForDeploymentPostprocessing = 0;
		};
/* End PBXCopyFilesBuildPhase section */

/* Begin PBXFileReference section */
		2C2BF9222507360B002882AC /* my_enum.hpp */ = {isa = PBXFileReference; fileEncoding = 4; lastKnownFileType = sourcecode.cpp.h; path = my_enum.hpp; sourceTree = "<group>"; };
		2C2BF9232507360B002882AC /* rc.hpp */ = {isa = PBXFileReference; fileEncoding = 4; lastKnownFileType = sourcecode.cpp.h; path = rc.hpp; sourceTree = "<group>"; };
		2C2BF9242507360B002882AC /* hello.hpp */ = {isa = PBXFileReference; fileEncoding = 4; lastKnownFileType = sourcecode.cpp.h; path = hello.hpp; sourceTree = "<group>"; };
		2C2BF9252507360B002882AC /* my_record.hpp */ = {isa = PBXFileReference; fileEncoding = 4; lastKnownFileType = sourcecode.cpp.h; path = my_record.hpp; sourceTree = "<group>"; };
		2C2BF9272507360B002882AC /* MyEnum.h */ = {isa = PBXFileReference; fileEncoding = 4; lastKnownFileType = sourcecode.c.h; path = MyEnum.h; sourceTree = "<group>"; };
		2C2BF9292507360B002882AC /* MyRecord+Internal.swift */ = {isa = PBXFileReference; fileEncoding = 4; lastKnownFileType = sourcecode.swift; path = "MyRecord+Internal.swift"; sourceTree = "<group>"; };
		2C2BF92B2507360B002882AC /* DjinniExample.h */ = {isa = PBXFileReference; fileEncoding = 4; lastKnownFileType = sourcecode.c.h; path = DjinniExample.h; sourceTree = "<group>"; };
		2C2BF92C2507360B002882AC /* Hello.h */ = {isa = PBXFileReference; fileEncoding = 4; lastKnownFileType = sourcecode.c.h; path = Hello.h; sourceTree = "<group>"; };
		2C2BF92D2507360B002882AC /* Rc+Internal.swift */ = {isa = PBXFileReference; fileEncoding = 4; lastKnownFileType = sourcecode.swift; path = "Rc+Internal.swift"; sourceTree = "<group>"; };
		2C2BF92E2507360B002882AC /* Rc.swift */ = {isa = PBXFileReference; fileEncoding = 4; lastKnownFileType = sourcecode.swift; path = Rc.swift; sourceTree = "<group>"; };
		2C2BF92F2507360B002882AC /* MyRecord.swift */ = {isa = PBXFileReference; fileEncoding = 4; lastKnownFileType = sourcecode.swift; path = MyRecord.swift; sourceTree = "<group>"; };
		2C2BF95E2507360B002882AC /* Rc+Private.mm */ = {isa = PBXFileReference; fileEncoding = 4; lastKnownFileType = sourcecode.cpp.objcpp; path = "Rc+Private.mm"; sourceTree = "<group>"; };
		2C2BF95F2507360B002882AC /* Hello+Private.h */ = {isa = PBXFileReference; fileEncoding = 4; lastKnownFileType = sourcecode.c.h; path = "Hello+Private.h"; sourceTree = "<group>"; };
		2C2BF9602507360B002882AC /* MyEnum+Private.h */ = {isa = PBXFileReference; fileEncoding = 4; lastKnownFileType = sourcecode.c.h; path = "MyEnum+Private.h"; sourceTree = "<group>"; };
		2C2BF9612507360B002882AC /* MyRecord+Private.h */ = {isa = PBXFileReference; fileEncoding = 4; lastKnownFileType = sourcecode.c.h; path = "MyRecord+Private.h"; sourceTree = "<group>"; };
		2C2BF9622507360B002882AC /* Hello+Private.mm */ = {isa = PBXFileReference; fileEncoding = 4; lastKnownFileType = sourcecode.cpp.objcpp; path = "Hello+Private.mm"; sourceTree = "<group>"; };
		2C2BF9632507360B002882AC /* MyRecord+Private.mm */ = {isa = PBXFileReference; fileEncoding = 4; lastKnownFileType = sourcecode.cpp.objcpp; path = "MyRecord+Private.mm"; sourceTree = "<group>"; };
		2C2BF9642507360B002882AC /* Rc+Private.h */ = {isa = PBXFileReference; fileEncoding = 4; lastKnownFileType = sourcecode.c.h; path = "Rc+Private.h"; sourceTree = "<group>"; };
		4C5620AC78D8A5C266E2DE92 /* Pods-DjinniExample.debug.xcconfig */ = {isa = PBXFileReference; includeInIndex = 1; lastKnownFileType = text.xcconfig; name = "Pods-DjinniExample.debug.xcconfig"; path = "Target Support Files/Pods-DjinniExample/Pods-DjinniExample.debug.xcconfig"; sourceTree = "<group>"; };
		5EBF384C3CA7A9D0BDB60A21 /* Pods_DjinniExample.framework */ = {isa = PBXFileReference; explicitFileType = wrapper.framework; includeInIndex = 0; path = Pods_DjinniExample.framework; sourceTree = BUILT_PRODUCTS_DIR; };
		7640664A27D50BC41F51F33F /* Pods-djinni_ios_example.release.xcconfig */ = {isa = PBXFileReference; includeInIndex = 1; lastKnownFileType = text.xcconfig; name = "Pods-djinni_ios_example.release.xcconfig"; path = "Target Support Files/Pods-djinni_ios_example/Pods-djinni_ios_example.release.xcconfig"; sourceTree = "<group>"; };
		7B713D695FCBA04AD23BCAD7 /* Pods-djinni_ios_example.debug.xcconfig */ = {isa = PBXFileReference; includeInIndex = 1; lastKnownFileType = text.xcconfig; name = "Pods-djinni_ios_example.debug.xcconfig"; path = "Target Support Files/Pods-djinni_ios_example/Pods-djinni_ios_example.debug.xcconfig"; sourceTree = "<group>"; };
		7C6655A1241371760054DA04 /* DjinniExample.framework */ = {isa = PBXFileReference; explicitFileType = wrapper.framework; includeInIndex = 0; path = DjinniExample.framework; sourceTree = BUILT_PRODUCTS_DIR; };
		7C6655A4241371760054DA04 /* Info.plist */ = {isa = PBXFileReference; lastKnownFileType = text.plist.xml; path = Info.plist; sourceTree = "<group>"; };
		7C665633241387050054DA04 /* hello_impl.cpp */ = {isa = PBXFileReference; lastKnownFileType = sourcecode.cpp.cpp; path = hello_impl.cpp; sourceTree = "<group>"; };
		7C665634241387050054DA04 /* hello_impl.hpp */ = {isa = PBXFileReference; lastKnownFileType = sourcecode.cpp.h; path = hello_impl.hpp; sourceTree = "<group>"; };
		7CA93C17240FA6D900C27267 /* djinni_ios_example.app */ = {isa = PBXFileReference; explicitFileType = wrapper.application; includeInIndex = 0; path = djinni_ios_example.app; sourceTree = BUILT_PRODUCTS_DIR; };
		7CA93C1A240FA6D900C27267 /* AppDelegate.swift */ = {isa = PBXFileReference; lastKnownFileType = sourcecode.swift; path = AppDelegate.swift; sourceTree = "<group>"; };
		7CA93C1C240FA6D900C27267 /* SceneDelegate.swift */ = {isa = PBXFileReference; lastKnownFileType = sourcecode.swift; path = SceneDelegate.swift; sourceTree = "<group>"; };
		7CA93C1E240FA6D900C27267 /* ViewController.swift */ = {isa = PBXFileReference; lastKnownFileType = sourcecode.swift; path = ViewController.swift; sourceTree = "<group>"; };
		7CA93C21240FA6D900C27267 /* Base */ = {isa = PBXFileReference; lastKnownFileType = file.storyboard; name = Base; path = Base.lproj/Main.storyboard; sourceTree = "<group>"; };
		7CA93C23240FA6DC00C27267 /* Assets.xcassets */ = {isa = PBXFileReference; lastKnownFileType = folder.assetcatalog; path = Assets.xcassets; sourceTree = "<group>"; };
		7CA93C26240FA6DC00C27267 /* Base */ = {isa = PBXFileReference; lastKnownFileType = file.storyboard; name = Base; path = Base.lproj/LaunchScreen.storyboard; sourceTree = "<group>"; };
		7CA93C28240FA6DC00C27267 /* Info.plist */ = {isa = PBXFileReference; lastKnownFileType = text.plist.xml; path = Info.plist; sourceTree = "<group>"; };
		7CA93D06240FAF2E00C27267 /* libc++.tbd */ = {isa = PBXFileReference; lastKnownFileType = "sourcecode.text-based-dylib-definition"; name = "libc++.tbd"; path = "usr/lib/libc++.tbd"; sourceTree = SDKROOT; };
		7CA93D40240FE0CB00C27267 /* Header.h */ = {isa = PBXFileReference; lastKnownFileType = sourcecode.c.h; path = Header.h; sourceTree = "<group>"; };
		7DCE868014844EF0E591FA8B /* Pods-DjinniExample.release.xcconfig */ = {isa = PBXFileReference; includeInIndex = 1; lastKnownFileType = text.xcconfig; name = "Pods-DjinniExample.release.xcconfig"; path = "Target Support Files/Pods-DjinniExample/Pods-DjinniExample.release.xcconfig"; sourceTree = "<group>"; };
		9FB4FD3D879DE922AA228335 /* Pods_djinni_ios_example.framework */ = {isa = PBXFileReference; explicitFileType = wrapper.framework; includeInIndex = 0; path = Pods_djinni_ios_example.framework; sourceTree = BUILT_PRODUCTS_DIR; };
/* End PBXFileReference section */

/* Begin PBXFrameworksBuildPhase section */
		7C66559E241371760054DA04 /* Frameworks */ = {
			isa = PBXFrameworksBuildPhase;
			buildActionMask = 2147483647;
			files = (
				658FA1B360D583AC5C75D52B /* Pods_DjinniExample.framework in Frameworks */,
			);
			runOnlyForDeploymentPostprocessing = 0;
		};
		7CA93C14240FA6D900C27267 /* Frameworks */ = {
			isa = PBXFrameworksBuildPhase;
			buildActionMask = 2147483647;
			files = (
				7C6655A8241371760054DA04 /* DjinniExample.framework in Frameworks */,
				6BD149451F399585C9999F95 /* Pods_djinni_ios_example.framework in Frameworks */,
			);
			runOnlyForDeploymentPostprocessing = 0;
		};
/* End PBXFrameworksBuildPhase section */

/* Begin PBXGroup section */
		2C2BF8F42507360B002882AC /* generated-src */ = {
			isa = PBXGroup;
			children = (
				2C2BF9212507360B002882AC /* cpp */,
				2C2BF9262507360B002882AC /* swift */,
				2C2BF95D2507360B002882AC /* objc */,
			);
			name = "generated-src";
			path = "../../generated-src";
			sourceTree = "<group>";
		};
		2C2BF9212507360B002882AC /* cpp */ = {
			isa = PBXGroup;
			children = (
				2C2BF9222507360B002882AC /* my_enum.hpp */,
				2C2BF9232507360B002882AC /* rc.hpp */,
				2C2BF9242507360B002882AC /* hello.hpp */,
				2C2BF9252507360B002882AC /* my_record.hpp */,
			);
			path = cpp;
			sourceTree = "<group>";
		};
		2C2BF9262507360B002882AC /* swift */ = {
			isa = PBXGroup;
			children = (
				2C2BF92B2507360B002882AC /* DjinniExample.h */,
				2C2BF92C2507360B002882AC /* Hello.h */,
				2C2BF9272507360B002882AC /* MyEnum.h */,
				2C2BF92F2507360B002882AC /* MyRecord.swift */,
				2C2BF9292507360B002882AC /* MyRecord+Internal.swift */,
				2C2BF92E2507360B002882AC /* Rc.swift */,
				2C2BF92D2507360B002882AC /* Rc+Internal.swift */,
			);
			path = swift;
			sourceTree = "<group>";
		};
		2C2BF95D2507360B002882AC /* objc */ = {
			isa = PBXGroup;
			children = (
				2C2BF95F2507360B002882AC /* Hello+Private.h */,
				2C2BF9622507360B002882AC /* Hello+Private.mm */,
				2C2BF9602507360B002882AC /* MyEnum+Private.h */,
				2C2BF9612507360B002882AC /* MyRecord+Private.h */,
				2C2BF9632507360B002882AC /* MyRecord+Private.mm */,
				2C2BF9642507360B002882AC /* Rc+Private.h */,
				2C2BF95E2507360B002882AC /* Rc+Private.mm */,
			);
			path = objc;
			sourceTree = "<group>";
		};
		6858E459477B864F016CBB25 /* Pods */ = {
			isa = PBXGroup;
			children = (
				4C5620AC78D8A5C266E2DE92 /* Pods-DjinniExample.debug.xcconfig */,
				7DCE868014844EF0E591FA8B /* Pods-DjinniExample.release.xcconfig */,
				7B713D695FCBA04AD23BCAD7 /* Pods-djinni_ios_example.debug.xcconfig */,
				7640664A27D50BC41F51F33F /* Pods-djinni_ios_example.release.xcconfig */,
			);
			path = Pods;
			sourceTree = "<group>";
		};
		7C6655A2241371760054DA04 /* DjinniExample */ = {
			isa = PBXGroup;
			children = (
				2C2BF8F42507360B002882AC /* generated-src */,
				7C665634241387050054DA04 /* hello_impl.hpp */,
				7C665633241387050054DA04 /* hello_impl.cpp */,
				7C6655A4241371760054DA04 /* Info.plist */,
			);
			path = DjinniExample;
			sourceTree = "<group>";
		};
		7CA93C0E240FA6D900C27267 = {
			isa = PBXGroup;
			children = (
				7CA93C19240FA6D900C27267 /* djinni_ios_example */,
				7C6655A2241371760054DA04 /* DjinniExample */,
				7CA93C18240FA6D900C27267 /* Products */,
				7CA93D05240FAF2D00C27267 /* Frameworks */,
				6858E459477B864F016CBB25 /* Pods */,
			);
			sourceTree = "<group>";
		};
		7CA93C18240FA6D900C27267 /* Products */ = {
			isa = PBXGroup;
			children = (
				7CA93C17240FA6D900C27267 /* djinni_ios_example.app */,
				7C6655A1241371760054DA04 /* DjinniExample.framework */,
			);
			name = Products;
			sourceTree = "<group>";
		};
		7CA93C19240FA6D900C27267 /* djinni_ios_example */ = {
			isa = PBXGroup;
			children = (
				7CA93C1A240FA6D900C27267 /* AppDelegate.swift */,
				7CA93C1C240FA6D900C27267 /* SceneDelegate.swift */,
				7CA93C1E240FA6D900C27267 /* ViewController.swift */,
				7CA93C20240FA6D900C27267 /* Main.storyboard */,
				7CA93C23240FA6DC00C27267 /* Assets.xcassets */,
				7CA93C25240FA6DC00C27267 /* LaunchScreen.storyboard */,
				7CA93C28240FA6DC00C27267 /* Info.plist */,
				7CA93D40240FE0CB00C27267 /* Header.h */,
			);
			path = djinni_ios_example;
			sourceTree = "<group>";
		};
		7CA93D05240FAF2D00C27267 /* Frameworks */ = {
			isa = PBXGroup;
			children = (
				7CA93D06240FAF2E00C27267 /* libc++.tbd */,
				5EBF384C3CA7A9D0BDB60A21 /* Pods_DjinniExample.framework */,
				9FB4FD3D879DE922AA228335 /* Pods_djinni_ios_example.framework */,
			);
			name = Frameworks;
			sourceTree = "<group>";
		};
/* End PBXGroup section */

/* Begin PBXHeadersBuildPhase section */
		7C66559C241371760054DA04 /* Headers */ = {
			isa = PBXHeadersBuildPhase;
			buildActionMask = 2147483647;
			files = (
				2C2BF98D2507360B002882AC /* my_record.hpp in Headers */,
				2C2BF9C42507360B002882AC /* MyEnum+Private.h in Headers */,
				2C2BF9C32507360B002882AC /* Hello+Private.h in Headers */,
				2C2BF9C82507360B002882AC /* Rc+Private.h in Headers */,
				7C665636241387050054DA04 /* hello_impl.hpp in Headers */,
				2C2BF98A2507360B002882AC /* my_enum.hpp in Headers */,
				2C2BF98E2507360B002882AC /* MyEnum.h in Headers */,
				2C2BF9922507360B002882AC /* DjinniExample.h in Headers */,
				2C2BF9C52507360B002882AC /* MyRecord+Private.h in Headers */,
				2C2BF9932507360B002882AC /* Hello.h in Headers */,
				2C2BF98B2507360B002882AC /* rc.hpp in Headers */,
				2C2BF98C2507360B002882AC /* hello.hpp in Headers */,
			);
			runOnlyForDeploymentPostprocessing = 0;
		};
/* End PBXHeadersBuildPhase section */

/* Begin PBXNativeTarget section */
		7C6655A0241371760054DA04 /* DjinniExample */ = {
			isa = PBXNativeTarget;
			buildConfigurationList = 7C6655AD241371760054DA04 /* Build configuration list for PBXNativeTarget "DjinniExample" */;
			buildPhases = (
				3727AB845E499EEB305B8BAD /* [CP] Check Pods Manifest.lock */,
				7C66559C241371760054DA04 /* Headers */,
				7C66559D241371760054DA04 /* Sources */,
				7C66559E241371760054DA04 /* Frameworks */,
				7C66559F241371760054DA04 /* Resources */,
			);
			buildRules = (
			);
			dependencies = (
			);
			name = DjinniExample;
			productName = DjinniExample;
			productReference = 7C6655A1241371760054DA04 /* DjinniExample.framework */;
			productType = "com.apple.product-type.framework";
		};
		7CA93C16240FA6D900C27267 /* djinni_ios_example */ = {
			isa = PBXNativeTarget;
			buildConfigurationList = 7CA93C2B240FA6DC00C27267 /* Build configuration list for PBXNativeTarget "djinni_ios_example" */;
			buildPhases = (
				6861DE5320D9045139BD95B4 /* [CP] Check Pods Manifest.lock */,
				7CA93C13240FA6D900C27267 /* Sources */,
				7CA93C14240FA6D900C27267 /* Frameworks */,
				7CA93C15240FA6D900C27267 /* Resources */,
				7C6655AA241371760054DA04 /* Embed Frameworks */,
				01BBBE52ECF8A623EA6A1AF2 /* [CP] Embed Pods Frameworks */,
			);
			buildRules = (
			);
			dependencies = (
				7C6655A7241371760054DA04 /* PBXTargetDependency */,
			);
			name = djinni_ios_example;
			productName = djinni_ios_example;
			productReference = 7CA93C17240FA6D900C27267 /* djinni_ios_example.app */;
			productType = "com.apple.product-type.application";
		};
/* End PBXNativeTarget section */

/* Begin PBXProject section */
		7CA93C0F240FA6D900C27267 /* Project object */ = {
			isa = PBXProject;
			attributes = {
				LastSwiftUpdateCheck = 1130;
				LastUpgradeCheck = 1200;
				ORGANIZATIONNAME = Fossil;
				TargetAttributes = {
					7C6655A0241371760054DA04 = {
						CreatedOnToolsVersion = 11.3.1;
					};
					7CA93C16240FA6D900C27267 = {
						CreatedOnToolsVersion = 11.3.1;
					};
				};
			};
			buildConfigurationList = 7CA93C12240FA6D900C27267 /* Build configuration list for PBXProject "djinni_ios_example" */;
			compatibilityVersion = "Xcode 9.3";
			developmentRegion = en;
			hasScannedForEncodings = 0;
			knownRegions = (
				en,
				Base,
			);
			mainGroup = 7CA93C0E240FA6D900C27267;
			productRefGroup = 7CA93C18240FA6D900C27267 /* Products */;
			projectDirPath = "";
			projectRoot = "";
			targets = (
				7CA93C16240FA6D900C27267 /* djinni_ios_example */,
				7C6655A0241371760054DA04 /* DjinniExample */,
			);
		};
/* End PBXProject section */

/* Begin PBXResourcesBuildPhase section */
		7C66559F241371760054DA04 /* Resources */ = {
			isa = PBXResourcesBuildPhase;
			buildActionMask = 2147483647;
			files = (
			);
			runOnlyForDeploymentPostprocessing = 0;
		};
		7CA93C15240FA6D900C27267 /* Resources */ = {
			isa = PBXResourcesBuildPhase;
			buildActionMask = 2147483647;
			files = (
				7CA93C27240FA6DC00C27267 /* LaunchScreen.storyboard in Resources */,
				7CA93C24240FA6DC00C27267 /* Assets.xcassets in Resources */,
				7CA93C22240FA6D900C27267 /* Main.storyboard in Resources */,
			);
			runOnlyForDeploymentPostprocessing = 0;
		};
/* End PBXResourcesBuildPhase section */

/* Begin PBXShellScriptBuildPhase section */
		01BBBE52ECF8A623EA6A1AF2 /* [CP] Embed Pods Frameworks */ = {
			isa = PBXShellScriptBuildPhase;
			buildActionMask = 2147483647;
			files = (
			);
			inputFileListPaths = (
				"${PODS_ROOT}/Target Support Files/Pods-djinni_ios_example/Pods-djinni_ios_example-frameworks-${CONFIGURATION}-input-files.xcfilelist",
			);
			name = "[CP] Embed Pods Frameworks";
			outputFileListPaths = (
				"${PODS_ROOT}/Target Support Files/Pods-djinni_ios_example/Pods-djinni_ios_example-frameworks-${CONFIGURATION}-output-files.xcfilelist",
			);
			runOnlyForDeploymentPostprocessing = 0;
			shellPath = /bin/sh;
			shellScript = "\"${PODS_ROOT}/Target Support Files/Pods-djinni_ios_example/Pods-djinni_ios_example-frameworks.sh\"\n";
			showEnvVarsInLog = 0;
		};
		3727AB845E499EEB305B8BAD /* [CP] Check Pods Manifest.lock */ = {
			isa = PBXShellScriptBuildPhase;
			buildActionMask = 2147483647;
			files = (
			);
			inputFileListPaths = (
			);
			inputPaths = (
				"${PODS_PODFILE_DIR_PATH}/Podfile.lock",
				"${PODS_ROOT}/Manifest.lock",
			);
			name = "[CP] Check Pods Manifest.lock";
			outputFileListPaths = (
			);
			outputPaths = (
				"$(DERIVED_FILE_DIR)/Pods-DjinniExample-checkManifestLockResult.txt",
			);
			runOnlyForDeploymentPostprocessing = 0;
			shellPath = /bin/sh;
			shellScript = "diff \"${PODS_PODFILE_DIR_PATH}/Podfile.lock\" \"${PODS_ROOT}/Manifest.lock\" > /dev/null\nif [ $? != 0 ] ; then\n    # print error to STDERR\n    echo \"error: The sandbox is not in sync with the Podfile.lock. Run 'pod install' or update your CocoaPods installation.\" >&2\n    exit 1\nfi\n# This output is used by Xcode 'outputs' to avoid re-running this script phase.\necho \"SUCCESS\" > \"${SCRIPT_OUTPUT_FILE_0}\"\n";
			showEnvVarsInLog = 0;
		};
		6861DE5320D9045139BD95B4 /* [CP] Check Pods Manifest.lock */ = {
			isa = PBXShellScriptBuildPhase;
			buildActionMask = 2147483647;
			files = (
			);
			inputFileListPaths = (
			);
			inputPaths = (
				"${PODS_PODFILE_DIR_PATH}/Podfile.lock",
				"${PODS_ROOT}/Manifest.lock",
			);
			name = "[CP] Check Pods Manifest.lock";
			outputFileListPaths = (
			);
			outputPaths = (
				"$(DERIVED_FILE_DIR)/Pods-djinni_ios_example-checkManifestLockResult.txt",
			);
			runOnlyForDeploymentPostprocessing = 0;
			shellPath = /bin/sh;
			shellScript = "diff \"${PODS_PODFILE_DIR_PATH}/Podfile.lock\" \"${PODS_ROOT}/Manifest.lock\" > /dev/null\nif [ $? != 0 ] ; then\n    # print error to STDERR\n    echo \"error: The sandbox is not in sync with the Podfile.lock. Run 'pod install' or update your CocoaPods installation.\" >&2\n    exit 1\nfi\n# This output is used by Xcode 'outputs' to avoid re-running this script phase.\necho \"SUCCESS\" > \"${SCRIPT_OUTPUT_FILE_0}\"\n";
			showEnvVarsInLog = 0;
		};
/* End PBXShellScriptBuildPhase section */

/* Begin PBXSourcesBuildPhase section */
		7C66559D241371760054DA04 /* Sources */ = {
			isa = PBXSourcesBuildPhase;
			buildActionMask = 2147483647;
			files = (
				2C2BF9C22507360B002882AC /* Rc+Private.mm in Sources */,
				2C2BF9942507360B002882AC /* Rc+Internal.swift in Sources */,
				2C2BF9C62507360B002882AC /* Hello+Private.mm in Sources */,
				2C2BF9C72507360B002882AC /* MyRecord+Private.mm in Sources */,
				7C665635241387050054DA04 /* hello_impl.cpp in Sources */,
				2C2BF9952507360B002882AC /* Rc.swift in Sources */,
				2C2BF9962507360B002882AC /* MyRecord.swift in Sources */,
				2C2BF9902507360B002882AC /* MyRecord+Internal.swift in Sources */,
			);
			runOnlyForDeploymentPostprocessing = 0;
		};
		7CA93C13240FA6D900C27267 /* Sources */ = {
			isa = PBXSourcesBuildPhase;
			buildActionMask = 2147483647;
			files = (
				7CA93C1F240FA6D900C27267 /* ViewController.swift in Sources */,
				7CA93C1B240FA6D900C27267 /* AppDelegate.swift in Sources */,
				7CA93C1D240FA6D900C27267 /* SceneDelegate.swift in Sources */,
			);
			runOnlyForDeploymentPostprocessing = 0;
		};
/* End PBXSourcesBuildPhase section */

/* Begin PBXTargetDependency section */
		7C6655A7241371760054DA04 /* PBXTargetDependency */ = {
			isa = PBXTargetDependency;
			target = 7C6655A0241371760054DA04 /* DjinniExample */;
			targetProxy = 7C6655A6241371760054DA04 /* PBXContainerItemProxy */;
		};
/* End PBXTargetDependency section */

/* Begin PBXVariantGroup section */
		7CA93C20240FA6D900C27267 /* Main.storyboard */ = {
			isa = PBXVariantGroup;
			children = (
				7CA93C21240FA6D900C27267 /* Base */,
			);
			name = Main.storyboard;
			sourceTree = "<group>";
		};
		7CA93C25240FA6DC00C27267 /* LaunchScreen.storyboard */ = {
			isa = PBXVariantGroup;
			children = (
				7CA93C26240FA6DC00C27267 /* Base */,
			);
			name = LaunchScreen.storyboard;
			sourceTree = "<group>";
		};
/* End PBXVariantGroup section */

/* Begin XCBuildConfiguration section */
		7C6655AB241371760054DA04 /* Debug */ = {
			isa = XCBuildConfiguration;
			baseConfigurationReference = 4C5620AC78D8A5C266E2DE92 /* Pods-DjinniExample.debug.xcconfig */;
			buildSettings = {
				CLANG_CXX_LANGUAGE_STANDARD = "c++17";
				CODE_SIGN_STYLE = Automatic;
				CURRENT_PROJECT_VERSION = 1;
				DEFINES_MODULE = YES;
				DEVELOPMENT_TEAM = WC64T22ANZ;
				DYLIB_COMPATIBILITY_VERSION = 1;
				DYLIB_CURRENT_VERSION = 1;
				DYLIB_INSTALL_NAME_BASE = "@rpath";
				GCC_PRECOMPILE_PREFIX_HEADER = NO;
				HEADER_SEARCH_PATHS = (
					"../../../../support-lib/extension/json/**",
					"../../../../support-lib/objc",
				);
				INFOPLIST_FILE = DjinniExample/Info.plist;
				INSTALL_PATH = "$(LOCAL_LIBRARY_DIR)/Frameworks";
				LD_RUNPATH_SEARCH_PATHS = (
					"$(inherited)",
					"@executable_path/Frameworks",
					"@loader_path/Frameworks",
				);
				PRODUCT_BUNDLE_IDENTIFIER = com.misfitwearables.DjinniExample;
				PRODUCT_NAME = "$(TARGET_NAME:c99extidentifier)";
				SKIP_INSTALL = YES;
				SWIFT_PRECOMPILE_BRIDGING_HEADER = YES;
				SWIFT_VERSION = 5.0;
				TARGETED_DEVICE_FAMILY = "1,2";
				USER_HEADER_SEARCH_PATHS = "../../../../support-lib";
				VERSIONING_SYSTEM = "apple-generic";
				VERSION_INFO_PREFIX = "";
			};
			name = Debug;
		};
		7C6655AC241371760054DA04 /* Release */ = {
			isa = XCBuildConfiguration;
			baseConfigurationReference = 7DCE868014844EF0E591FA8B /* Pods-DjinniExample.release.xcconfig */;
			buildSettings = {
				CLANG_CXX_LANGUAGE_STANDARD = "c++17";
				CODE_SIGN_STYLE = Automatic;
				CURRENT_PROJECT_VERSION = 1;
				DEFINES_MODULE = YES;
				DEVELOPMENT_TEAM = WC64T22ANZ;
				DYLIB_COMPATIBILITY_VERSION = 1;
				DYLIB_CURRENT_VERSION = 1;
				DYLIB_INSTALL_NAME_BASE = "@rpath";
				GCC_PRECOMPILE_PREFIX_HEADER = NO;
				HEADER_SEARCH_PATHS = (
					"../../../../support-lib/extension/json/**",
					"../../../../support-lib/objc",
				);
				INFOPLIST_FILE = DjinniExample/Info.plist;
				INSTALL_PATH = "$(LOCAL_LIBRARY_DIR)/Frameworks";
				LD_RUNPATH_SEARCH_PATHS = (
					"$(inherited)",
					"@executable_path/Frameworks",
					"@loader_path/Frameworks",
				);
				PRODUCT_BUNDLE_IDENTIFIER = com.misfitwearables.DjinniExample;
				PRODUCT_NAME = "$(TARGET_NAME:c99extidentifier)";
				SKIP_INSTALL = YES;
				SWIFT_PRECOMPILE_BRIDGING_HEADER = YES;
				SWIFT_VERSION = 5.0;
				TARGETED_DEVICE_FAMILY = "1,2";
				USER_HEADER_SEARCH_PATHS = "../../../../support-lib";
				VERSIONING_SYSTEM = "apple-generic";
				VERSION_INFO_PREFIX = "";
			};
			name = Release;
		};
		7CA93C29240FA6DC00C27267 /* Debug */ = {
			isa = XCBuildConfiguration;
			buildSettings = {
				ALWAYS_SEARCH_USER_PATHS = NO;
				CLANG_ANALYZER_NONNULL = YES;
				CLANG_ANALYZER_NUMBER_OBJECT_CONVERSION = YES_AGGRESSIVE;
				CLANG_CXX_LANGUAGE_STANDARD = "gnu++14";
				CLANG_CXX_LIBRARY = "libc++";
				CLANG_ENABLE_MODULES = YES;
				CLANG_ENABLE_OBJC_ARC = YES;
				CLANG_ENABLE_OBJC_WEAK = YES;
				CLANG_WARN_BLOCK_CAPTURE_AUTORELEASING = YES;
				CLANG_WARN_BOOL_CONVERSION = YES;
				CLANG_WARN_COMMA = YES;
				CLANG_WARN_CONSTANT_CONVERSION = YES;
				CLANG_WARN_DEPRECATED_OBJC_IMPLEMENTATIONS = YES;
				CLANG_WARN_DIRECT_OBJC_ISA_USAGE = YES_ERROR;
				CLANG_WARN_DOCUMENTATION_COMMENTS = YES;
				CLANG_WARN_EMPTY_BODY = YES;
				CLANG_WARN_ENUM_CONVERSION = YES;
				CLANG_WARN_INFINITE_RECURSION = YES;
				CLANG_WARN_INT_CONVERSION = YES;
				CLANG_WARN_NON_LITERAL_NULL_CONVERSION = YES;
				CLANG_WARN_OBJC_IMPLICIT_RETAIN_SELF = YES;
				CLANG_WARN_OBJC_LITERAL_CONVERSION = YES;
				CLANG_WARN_OBJC_ROOT_CLASS = YES_ERROR;
				CLANG_WARN_QUOTED_INCLUDE_IN_FRAMEWORK_HEADER = YES;
				CLANG_WARN_RANGE_LOOP_ANALYSIS = YES;
				CLANG_WARN_STRICT_PROTOTYPES = YES;
				CLANG_WARN_SUSPICIOUS_MOVE = YES;
				CLANG_WARN_UNGUARDED_AVAILABILITY = YES_AGGRESSIVE;
				CLANG_WARN_UNREACHABLE_CODE = YES;
				CLANG_WARN__DUPLICATE_METHOD_MATCH = YES;
				COPY_PHASE_STRIP = NO;
				DEBUG_INFORMATION_FORMAT = dwarf;
				ENABLE_STRICT_OBJC_MSGSEND = YES;
				ENABLE_TESTABILITY = YES;
				GCC_C_LANGUAGE_STANDARD = gnu11;
				GCC_DYNAMIC_NO_PIC = NO;
				GCC_NO_COMMON_BLOCKS = YES;
				GCC_OPTIMIZATION_LEVEL = 0;
				GCC_PREPROCESSOR_DEFINITIONS = (
					"DEBUG=1",
					"$(inherited)",
				);
				GCC_WARN_64_TO_32_BIT_CONVERSION = YES;
				GCC_WARN_ABOUT_RETURN_TYPE = YES_ERROR;
				GCC_WARN_UNDECLARED_SELECTOR = YES;
				GCC_WARN_UNINITIALIZED_AUTOS = YES_AGGRESSIVE;
				GCC_WARN_UNUSED_FUNCTION = YES;
				GCC_WARN_UNUSED_VARIABLE = YES;
				IPHONEOS_DEPLOYMENT_TARGET = 13.2;
				MTL_ENABLE_DEBUG_INFO = INCLUDE_SOURCE;
				MTL_FAST_MATH = YES;
				ONLY_ACTIVE_ARCH = YES;
				SDKROOT = iphoneos;
				SWIFT_ACTIVE_COMPILATION_CONDITIONS = DEBUG;
				SWIFT_OPTIMIZATION_LEVEL = "-Onone";
			};
			name = Debug;
		};
		7CA93C2A240FA6DC00C27267 /* Release */ = {
			isa = XCBuildConfiguration;
			buildSettings = {
				ALWAYS_SEARCH_USER_PATHS = NO;
				CLANG_ANALYZER_NONNULL = YES;
				CLANG_ANALYZER_NUMBER_OBJECT_CONVERSION = YES_AGGRESSIVE;
				CLANG_CXX_LANGUAGE_STANDARD = "gnu++14";
				CLANG_CXX_LIBRARY = "libc++";
				CLANG_ENABLE_MODULES = YES;
				CLANG_ENABLE_OBJC_ARC = YES;
				CLANG_ENABLE_OBJC_WEAK = YES;
				CLANG_WARN_BLOCK_CAPTURE_AUTORELEASING = YES;
				CLANG_WARN_BOOL_CONVERSION = YES;
				CLANG_WARN_COMMA = YES;
				CLANG_WARN_CONSTANT_CONVERSION = YES;
				CLANG_WARN_DEPRECATED_OBJC_IMPLEMENTATIONS = YES;
				CLANG_WARN_DIRECT_OBJC_ISA_USAGE = YES_ERROR;
				CLANG_WARN_DOCUMENTATION_COMMENTS = YES;
				CLANG_WARN_EMPTY_BODY = YES;
				CLANG_WARN_ENUM_CONVERSION = YES;
				CLANG_WARN_INFINITE_RECURSION = YES;
				CLANG_WARN_INT_CONVERSION = YES;
				CLANG_WARN_NON_LITERAL_NULL_CONVERSION = YES;
				CLANG_WARN_OBJC_IMPLICIT_RETAIN_SELF = YES;
				CLANG_WARN_OBJC_LITERAL_CONVERSION = YES;
				CLANG_WARN_OBJC_ROOT_CLASS = YES_ERROR;
				CLANG_WARN_QUOTED_INCLUDE_IN_FRAMEWORK_HEADER = YES;
				CLANG_WARN_RANGE_LOOP_ANALYSIS = YES;
				CLANG_WARN_STRICT_PROTOTYPES = YES;
				CLANG_WARN_SUSPICIOUS_MOVE = YES;
				CLANG_WARN_UNGUARDED_AVAILABILITY = YES_AGGRESSIVE;
				CLANG_WARN_UNREACHABLE_CODE = YES;
				CLANG_WARN__DUPLICATE_METHOD_MATCH = YES;
				COPY_PHASE_STRIP = NO;
				DEBUG_INFORMATION_FORMAT = "dwarf-with-dsym";
				ENABLE_NS_ASSERTIONS = NO;
				ENABLE_STRICT_OBJC_MSGSEND = YES;
				GCC_C_LANGUAGE_STANDARD = gnu11;
				GCC_NO_COMMON_BLOCKS = YES;
				GCC_WARN_64_TO_32_BIT_CONVERSION = YES;
				GCC_WARN_ABOUT_RETURN_TYPE = YES_ERROR;
				GCC_WARN_UNDECLARED_SELECTOR = YES;
				GCC_WARN_UNINITIALIZED_AUTOS = YES_AGGRESSIVE;
				GCC_WARN_UNUSED_FUNCTION = YES;
				GCC_WARN_UNUSED_VARIABLE = YES;
				IPHONEOS_DEPLOYMENT_TARGET = 13.2;
				MTL_ENABLE_DEBUG_INFO = NO;
				MTL_FAST_MATH = YES;
				SDKROOT = iphoneos;
				SWIFT_COMPILATION_MODE = wholemodule;
				SWIFT_OPTIMIZATION_LEVEL = "-O";
				VALIDATE_PRODUCT = YES;
			};
			name = Release;
		};
		7CA93C2C240FA6DC00C27267 /* Debug */ = {
			isa = XCBuildConfiguration;
			baseConfigurationReference = 7B713D695FCBA04AD23BCAD7 /* Pods-djinni_ios_example.debug.xcconfig */;
			buildSettings = {
				ALWAYS_EMBED_SWIFT_STANDARD_LIBRARIES = YES;
				ASSETCATALOG_COMPILER_APPICON_NAME = AppIcon;
				CLANG_CXX_LANGUAGE_STANDARD = "c++17";
				CODE_SIGN_STYLE = Automatic;
				DEVELOPMENT_TEAM = WC64T22ANZ;
				HEADER_SEARCH_PATHS = (
					"../../../../support-lib/extension/json/**",
					"../../../../support-lib/objc",
				);
				INFOPLIST_FILE = djinni_ios_example/Info.plist;
				LD_RUNPATH_SEARCH_PATHS = (
					"$(inherited)",
					"@executable_path/Frameworks",
				);
				PRODUCT_BUNDLE_IDENTIFIER = "com.misfitwearables.djinni-ios-example";
				PRODUCT_NAME = "$(TARGET_NAME)";
				SWIFT_OBJC_BRIDGING_HEADER = djinni_ios_example/Header.h;
				SWIFT_VERSION = 5.0;
				TARGETED_DEVICE_FAMILY = "1,2";
				USER_HEADER_SEARCH_PATHS = "../../../../support-lib";
			};
			name = Debug;
		};
		7CA93C2D240FA6DC00C27267 /* Release */ = {
			isa = XCBuildConfiguration;
			baseConfigurationReference = 7640664A27D50BC41F51F33F /* Pods-djinni_ios_example.release.xcconfig */;
			buildSettings = {
				ALWAYS_EMBED_SWIFT_STANDARD_LIBRARIES = YES;
				ASSETCATALOG_COMPILER_APPICON_NAME = AppIcon;
				CLANG_CXX_LANGUAGE_STANDARD = "c++17";
				CODE_SIGN_STYLE = Automatic;
				DEVELOPMENT_TEAM = WC64T22ANZ;
				HEADER_SEARCH_PATHS = (
					"../../../../support-lib/extension/json/**",
					"../../../../support-lib/objc",
				);
				INFOPLIST_FILE = djinni_ios_example/Info.plist;
				LD_RUNPATH_SEARCH_PATHS = (
					"$(inherited)",
					"@executable_path/Frameworks",
				);
				PRODUCT_BUNDLE_IDENTIFIER = "com.misfitwearables.djinni-ios-example";
				PRODUCT_NAME = "$(TARGET_NAME)";
				SWIFT_OBJC_BRIDGING_HEADER = djinni_ios_example/Header.h;
				SWIFT_VERSION = 5.0;
				TARGETED_DEVICE_FAMILY = "1,2";
				USER_HEADER_SEARCH_PATHS = "../../../../support-lib";
			};
			name = Release;
		};
/* End XCBuildConfiguration section */

/* Begin XCConfigurationList section */
		7C6655AD241371760054DA04 /* Build configuration list for PBXNativeTarget "DjinniExample" */ = {
			isa = XCConfigurationList;
			buildConfigurations = (
				7C6655AB241371760054DA04 /* Debug */,
				7C6655AC241371760054DA04 /* Release */,
			);
			defaultConfigurationIsVisible = 0;
			defaultConfigurationName = Release;
		};
		7CA93C12240FA6D900C27267 /* Build configuration list for PBXProject "djinni_ios_example" */ = {
			isa = XCConfigurationList;
			buildConfigurations = (
				7CA93C29240FA6DC00C27267 /* Debug */,
				7CA93C2A240FA6DC00C27267 /* Release */,
			);
			defaultConfigurationIsVisible = 0;
			defaultConfigurationName = Release;
		};
		7CA93C2B240FA6DC00C27267 /* Build configuration list for PBXNativeTarget "djinni_ios_example" */ = {
			isa = XCConfigurationList;
			buildConfigurations = (
				7CA93C2C240FA6DC00C27267 /* Debug */,
				7CA93C2D240FA6DC00C27267 /* Release */,
			);
			defaultConfigurationIsVisible = 0;
			defaultConfigurationName = Release;
		};
/* End XCConfigurationList section */
	};
	rootObject = 7CA93C0F240FA6D900C27267 /* Project object */;
}
