// !$*UTF8*$!
{
	archiveVersion = 1;
	classes = {
	};
	objectVersion = 50;
	objects = {

/* Begin PBXBuildFile section */
		7C0AABF82411EAB20016431A /* Hello+Private.mm in Sources */ = {isa = PBXBuildFile; fileRef = 7C0AABF32411EAB20016431A /* Hello+Private.mm */; };
		7C0AABF92411EAB20016431A /* MyRecord+Private.mm in Sources */ = {isa = PBXBuildFile; fileRef = 7C0AABF72411EAB20016431A /* MyRecord+Private.mm */; };
		7CA93C1B240FA6D900C27267 /* AppDelegate.swift in Sources */ = {isa = PBXBuildFile; fileRef = 7CA93C1A240FA6D900C27267 /* AppDelegate.swift */; };
		7CA93C1D240FA6D900C27267 /* SceneDelegate.swift in Sources */ = {isa = PBXBuildFile; fileRef = 7CA93C1C240FA6D900C27267 /* SceneDelegate.swift */; };
		7CA93C1F240FA6D900C27267 /* ViewController.swift in Sources */ = {isa = PBXBuildFile; fileRef = 7CA93C1E240FA6D900C27267 /* ViewController.swift */; };
		7CA93C22240FA6D900C27267 /* Main.storyboard in Resources */ = {isa = PBXBuildFile; fileRef = 7CA93C20240FA6D900C27267 /* Main.storyboard */; };
		7CA93C24240FA6DC00C27267 /* Assets.xcassets in Resources */ = {isa = PBXBuildFile; fileRef = 7CA93C23240FA6DC00C27267 /* Assets.xcassets */; };
		7CA93C27240FA6DC00C27267 /* LaunchScreen.storyboard in Resources */ = {isa = PBXBuildFile; fileRef = 7CA93C25240FA6DC00C27267 /* LaunchScreen.storyboard */; };
		7CA93D02240FAE9300C27267 /* DJIProxyCaches.mm in Sources */ = {isa = PBXBuildFile; fileRef = 7CA93CF0240FAE9300C27267 /* DJIProxyCaches.mm */; };
		7CA93D03240FAE9300C27267 /* DJIError.mm in Sources */ = {isa = PBXBuildFile; fileRef = 7CA93CF2240FAE9300C27267 /* DJIError.mm */; };
		7CA93D15240FB79500C27267 /* hello_impl.cpp in Sources */ = {isa = PBXBuildFile; fileRef = 7CA93D13240FB79500C27267 /* hello_impl.cpp */; };
		7CA93D3E240FD3E200C27267 /* MyRecord.swift in Sources */ = {isa = PBXBuildFile; fileRef = 7CA93D3B240FD3E200C27267 /* MyRecord.swift */; };
/* End PBXBuildFile section */

/* Begin PBXFileReference section */
		7C0AABE12410FD7D0016431A /* my_enum.hpp */ = {isa = PBXFileReference; fileEncoding = 4; lastKnownFileType = sourcecode.cpp.h; path = my_enum.hpp; sourceTree = "<group>"; };
		7C0AABF32411EAB20016431A /* Hello+Private.mm */ = {isa = PBXFileReference; fileEncoding = 4; lastKnownFileType = sourcecode.cpp.objcpp; path = "Hello+Private.mm"; sourceTree = "<group>"; };
		7C0AABF42411EAB20016431A /* MyEnum+Private.h */ = {isa = PBXFileReference; fileEncoding = 4; lastKnownFileType = sourcecode.c.h; path = "MyEnum+Private.h"; sourceTree = "<group>"; };
		7C0AABF52411EAB20016431A /* Hello+Private.h */ = {isa = PBXFileReference; fileEncoding = 4; lastKnownFileType = sourcecode.c.h; path = "Hello+Private.h"; sourceTree = "<group>"; };
		7C0AABF62411EAB20016431A /* MyRecord+Private.h */ = {isa = PBXFileReference; fileEncoding = 4; lastKnownFileType = sourcecode.c.h; path = "MyRecord+Private.h"; sourceTree = "<group>"; };
		7C0AABF72411EAB20016431A /* MyRecord+Private.mm */ = {isa = PBXFileReference; fileEncoding = 4; lastKnownFileType = sourcecode.cpp.objcpp; path = "MyRecord+Private.mm"; sourceTree = "<group>"; };
		7C0AABFA2411EABE0016431A /* MyEnum.h */ = {isa = PBXFileReference; fileEncoding = 4; lastKnownFileType = sourcecode.c.h; path = MyEnum.h; sourceTree = "<group>"; };
		7C0AABFB2411EABE0016431A /* Hello.h */ = {isa = PBXFileReference; fileEncoding = 4; lastKnownFileType = sourcecode.c.h; path = Hello.h; sourceTree = "<group>"; };
		7CA93C17240FA6D900C27267 /* djinni_ios_example.app */ = {isa = PBXFileReference; explicitFileType = wrapper.application; includeInIndex = 0; path = djinni_ios_example.app; sourceTree = BUILT_PRODUCTS_DIR; };
		7CA93C1A240FA6D900C27267 /* AppDelegate.swift */ = {isa = PBXFileReference; lastKnownFileType = sourcecode.swift; path = AppDelegate.swift; sourceTree = "<group>"; };
		7CA93C1C240FA6D900C27267 /* SceneDelegate.swift */ = {isa = PBXFileReference; lastKnownFileType = sourcecode.swift; path = SceneDelegate.swift; sourceTree = "<group>"; };
		7CA93C1E240FA6D900C27267 /* ViewController.swift */ = {isa = PBXFileReference; lastKnownFileType = sourcecode.swift; path = ViewController.swift; sourceTree = "<group>"; };
		7CA93C21240FA6D900C27267 /* Base */ = {isa = PBXFileReference; lastKnownFileType = file.storyboard; name = Base; path = Base.lproj/Main.storyboard; sourceTree = "<group>"; };
		7CA93C23240FA6DC00C27267 /* Assets.xcassets */ = {isa = PBXFileReference; lastKnownFileType = folder.assetcatalog; path = Assets.xcassets; sourceTree = "<group>"; };
		7CA93C26240FA6DC00C27267 /* Base */ = {isa = PBXFileReference; lastKnownFileType = file.storyboard; name = Base; path = Base.lproj/LaunchScreen.storyboard; sourceTree = "<group>"; };
		7CA93C28240FA6DC00C27267 /* Info.plist */ = {isa = PBXFileReference; lastKnownFileType = text.plist.xml; path = Info.plist; sourceTree = "<group>"; };
		7CA93C6D240FAE7200C27267 /* my_record.hpp */ = {isa = PBXFileReference; fileEncoding = 4; lastKnownFileType = sourcecode.cpp.h; path = my_record.hpp; sourceTree = "<group>"; };
		7CA93CCA240FAE9300C27267 /* proxy_cache_interface.hpp */ = {isa = PBXFileReference; fileEncoding = 4; lastKnownFileType = sourcecode.cpp.h; path = proxy_cache_interface.hpp; sourceTree = "<group>"; };
		7CA93CD4240FAE9300C27267 /* json.hpp */ = {isa = PBXFileReference; fileEncoding = 4; lastKnownFileType = sourcecode.cpp.h; path = json.hpp; sourceTree = "<group>"; };
		7CA93CD8240FAE9300C27267 /* DJIMarshal+Json.h */ = {isa = PBXFileReference; fileEncoding = 4; lastKnownFileType = sourcecode.c.h; path = "DJIMarshal+Json.h"; sourceTree = "<group>"; };
		7CA93CDA240FAE9300C27267 /* proxy_cache_impl.hpp */ = {isa = PBXFileReference; fileEncoding = 4; lastKnownFileType = sourcecode.cpp.h; path = proxy_cache_impl.hpp; sourceTree = "<group>"; };
		7CA93CEE240FAE9300C27267 /* DJICppWrapperCache+Private.h */ = {isa = PBXFileReference; fileEncoding = 4; lastKnownFileType = sourcecode.c.h; path = "DJICppWrapperCache+Private.h"; sourceTree = "<group>"; };
		7CA93CEF240FAE9300C27267 /* DJIError.h */ = {isa = PBXFileReference; fileEncoding = 4; lastKnownFileType = sourcecode.c.h; path = DJIError.h; sourceTree = "<group>"; };
		7CA93CF0240FAE9300C27267 /* DJIProxyCaches.mm */ = {isa = PBXFileReference; fileEncoding = 4; lastKnownFileType = sourcecode.cpp.objcpp; path = DJIProxyCaches.mm; sourceTree = "<group>"; };
		7CA93CF1240FAE9300C27267 /* DJIObjcWrapperCache+Private.h */ = {isa = PBXFileReference; fileEncoding = 4; lastKnownFileType = sourcecode.c.h; path = "DJIObjcWrapperCache+Private.h"; sourceTree = "<group>"; };
		7CA93CF2240FAE9300C27267 /* DJIError.mm */ = {isa = PBXFileReference; fileEncoding = 4; lastKnownFileType = sourcecode.cpp.objcpp; path = DJIError.mm; sourceTree = "<group>"; };
		7CA93CF3240FAE9300C27267 /* DJIMarshal+Private.h */ = {isa = PBXFileReference; fileEncoding = 4; lastKnownFileType = sourcecode.c.h; path = "DJIMarshal+Private.h"; sourceTree = "<group>"; };
		7CA93CF4240FAE9300C27267 /* djinni_common.hpp */ = {isa = PBXFileReference; fileEncoding = 4; lastKnownFileType = sourcecode.cpp.h; path = djinni_common.hpp; sourceTree = "<group>"; };
		7CA93D06240FAF2E00C27267 /* libc++.tbd */ = {isa = PBXFileReference; lastKnownFileType = "sourcecode.text-based-dylib-definition"; name = "libc++.tbd"; path = "usr/lib/libc++.tbd"; sourceTree = SDKROOT; };
		7CA93D12240FB75400C27267 /* hello.hpp */ = {isa = PBXFileReference; fileEncoding = 4; lastKnownFileType = sourcecode.cpp.h; path = hello.hpp; sourceTree = "<group>"; };
		7CA93D13240FB79500C27267 /* hello_impl.cpp */ = {isa = PBXFileReference; lastKnownFileType = sourcecode.cpp.cpp; path = hello_impl.cpp; sourceTree = "<group>"; };
		7CA93D14240FB79500C27267 /* hello_impl.hpp */ = {isa = PBXFileReference; lastKnownFileType = sourcecode.cpp.h; path = hello_impl.hpp; sourceTree = "<group>"; };
		7CA93D3B240FD3E200C27267 /* MyRecord.swift */ = {isa = PBXFileReference; fileEncoding = 4; lastKnownFileType = sourcecode.swift; path = MyRecord.swift; sourceTree = "<group>"; };
		7CA93D40240FE0CB00C27267 /* Header.h */ = {isa = PBXFileReference; lastKnownFileType = sourcecode.c.h; path = Header.h; sourceTree = "<group>"; };
/* End PBXFileReference section */

/* Begin PBXFrameworksBuildPhase section */
		7CA93C14240FA6D900C27267 /* Frameworks */ = {
			isa = PBXFrameworksBuildPhase;
			buildActionMask = 2147483647;
			files = (
			);
			runOnlyForDeploymentPostprocessing = 0;
		};
/* End PBXFrameworksBuildPhase section */

/* Begin PBXGroup section */
		7CA93C0E240FA6D900C27267 = {
			isa = PBXGroup;
			children = (
				7CA93C19240FA6D900C27267 /* djinni_ios_example */,
				7CA93C18240FA6D900C27267 /* Products */,
				7CA93D05240FAF2D00C27267 /* Frameworks */,
			);
			sourceTree = "<group>";
		};
		7CA93C18240FA6D900C27267 /* Products */ = {
			isa = PBXGroup;
			children = (
				7CA93C17240FA6D900C27267 /* djinni_ios_example.app */,
			);
			name = Products;
			sourceTree = "<group>";
		};
		7CA93C19240FA6D900C27267 /* djinni_ios_example */ = {
			isa = PBXGroup;
			children = (
				7CA93CC9240FAE9300C27267 /* support-lib */,
				7CA93C55240FAE7200C27267 /* generated-src */,
				7CA93C1A240FA6D900C27267 /* AppDelegate.swift */,
				7CA93C1C240FA6D900C27267 /* SceneDelegate.swift */,
				7CA93C1E240FA6D900C27267 /* ViewController.swift */,
				7CA93C20240FA6D900C27267 /* Main.storyboard */,
				7CA93C23240FA6DC00C27267 /* Assets.xcassets */,
				7CA93C25240FA6DC00C27267 /* LaunchScreen.storyboard */,
				7CA93C28240FA6DC00C27267 /* Info.plist */,
				7CA93D40240FE0CB00C27267 /* Header.h */,
			);
			path = djinni_ios_example;
			sourceTree = "<group>";
		};
		7CA93C55240FAE7200C27267 /* generated-src */ = {
			isa = PBXGroup;
			children = (
				7CA93D39240FD3E200C27267 /* swift */,
				7CA93D29240FD3BC00C27267 /* objc */,
				7CA93C68240FAE7200C27267 /* cpp */,
			);
			name = "generated-src";
			path = "../../generated-src";
			sourceTree = "<group>";
		};
		7CA93C68240FAE7200C27267 /* cpp */ = {
			isa = PBXGroup;
			children = (
				7C0AABE12410FD7D0016431A /* my_enum.hpp */,
				7CA93D12240FB75400C27267 /* hello.hpp */,
				7CA93C6D240FAE7200C27267 /* my_record.hpp */,
				7CA93D13240FB79500C27267 /* hello_impl.cpp */,
				7CA93D14240FB79500C27267 /* hello_impl.hpp */,
			);
			path = cpp;
			sourceTree = "<group>";
		};
		7CA93CC9240FAE9300C27267 /* support-lib */ = {
			isa = PBXGroup;
			children = (
				7CA93CCA240FAE9300C27267 /* proxy_cache_interface.hpp */,
				7CA93CD1240FAE9300C27267 /* extension */,
				7CA93CDA240FAE9300C27267 /* proxy_cache_impl.hpp */,
				7CA93CED240FAE9300C27267 /* objc */,
				7CA93CF4240FAE9300C27267 /* djinni_common.hpp */,
			);
			name = "support-lib";
			path = "../../../../../support-lib";
			sourceTree = "<group>";
		};
		7CA93CD1240FAE9300C27267 /* extension */ = {
			isa = PBXGroup;
			children = (
				7CA93CD2240FAE9300C27267 /* json */,
			);
			path = extension;
			sourceTree = "<group>";
		};
		7CA93CD2240FAE9300C27267 /* json */ = {
			isa = PBXGroup;
			children = (
				7CA93CD3240FAE9300C27267 /* nlohmann */,
				7CA93CD7240FAE9300C27267 /* objc */,
			);
			path = json;
			sourceTree = "<group>";
		};
		7CA93CD3240FAE9300C27267 /* nlohmann */ = {
			isa = PBXGroup;
			children = (
				7CA93CD4240FAE9300C27267 /* json.hpp */,
			);
			path = nlohmann;
			sourceTree = "<group>";
		};
		7CA93CD7240FAE9300C27267 /* objc */ = {
			isa = PBXGroup;
			children = (
				7CA93CD8240FAE9300C27267 /* DJIMarshal+Json.h */,
			);
			path = objc;
			sourceTree = "<group>";
		};
		7CA93CED240FAE9300C27267 /* objc */ = {
			isa = PBXGroup;
			children = (
				7CA93CEE240FAE9300C27267 /* DJICppWrapperCache+Private.h */,
				7CA93CEF240FAE9300C27267 /* DJIError.h */,
				7CA93CF0240FAE9300C27267 /* DJIProxyCaches.mm */,
				7CA93CF1240FAE9300C27267 /* DJIObjcWrapperCache+Private.h */,
				7CA93CF2240FAE9300C27267 /* DJIError.mm */,
				7CA93CF3240FAE9300C27267 /* DJIMarshal+Private.h */,
			);
			path = objc;
			sourceTree = "<group>";
		};
		7CA93D05240FAF2D00C27267 /* Frameworks */ = {
			isa = PBXGroup;
			children = (
				7CA93D06240FAF2E00C27267 /* libc++.tbd */,
			);
			name = Frameworks;
			sourceTree = "<group>";
		};
		7CA93D29240FD3BC00C27267 /* objc */ = {
			isa = PBXGroup;
			children = (
				7C0AABF52411EAB20016431A /* Hello+Private.h */,
				7C0AABF32411EAB20016431A /* Hello+Private.mm */,
				7C0AABF42411EAB20016431A /* MyEnum+Private.h */,
				7C0AABF62411EAB20016431A /* MyRecord+Private.h */,
				7C0AABF72411EAB20016431A /* MyRecord+Private.mm */,
			);
			path = objc;
			sourceTree = "<group>";
		};
		7CA93D39240FD3E200C27267 /* swift */ = {
			isa = PBXGroup;
			children = (
				7C0AABFB2411EABE0016431A /* Hello.h */,
				7C0AABFA2411EABE0016431A /* MyEnum.h */,
				7CA93D3B240FD3E200C27267 /* MyRecord.swift */,
			);
			path = swift;
			sourceTree = "<group>";
		};
/* End PBXGroup section */

/* Begin PBXNativeTarget section */
		7CA93C16240FA6D900C27267 /* djinni_ios_example */ = {
			isa = PBXNativeTarget;
			buildConfigurationList = 7CA93C2B240FA6DC00C27267 /* Build configuration list for PBXNativeTarget "djinni_ios_example" */;
			buildPhases = (
				7CA93C13240FA6D900C27267 /* Sources */,
				7CA93C14240FA6D900C27267 /* Frameworks */,
				7CA93C15240FA6D900C27267 /* Resources */,
			);
			buildRules = (
			);
			dependencies = (
			);
			name = djinni_ios_example;
			productName = djinni_ios_example;
			productReference = 7CA93C17240FA6D900C27267 /* djinni_ios_example.app */;
			productType = "com.apple.product-type.application";
		};
/* End PBXNativeTarget section */

/* Begin PBXProject section */
		7CA93C0F240FA6D900C27267 /* Project object */ = {
			isa = PBXProject;
			attributes = {
				LastSwiftUpdateCheck = 1130;
				LastUpgradeCheck = 1130;
				ORGANIZATIONNAME = Fossil;
				TargetAttributes = {
					7CA93C16240FA6D900C27267 = {
						CreatedOnToolsVersion = 11.3.1;
					};
				};
			};
			buildConfigurationList = 7CA93C12240FA6D900C27267 /* Build configuration list for PBXProject "djinni_ios_example" */;
			compatibilityVersion = "Xcode 9.3";
			developmentRegion = en;
			hasScannedForEncodings = 0;
			knownRegions = (
				en,
				Base,
			);
			mainGroup = 7CA93C0E240FA6D900C27267;
			productRefGroup = 7CA93C18240FA6D900C27267 /* Products */;
			projectDirPath = "";
			projectRoot = "";
			targets = (
				7CA93C16240FA6D900C27267 /* djinni_ios_example */,
			);
		};
/* End PBXProject section */

/* Begin PBXResourcesBuildPhase section */
		7CA93C15240FA6D900C27267 /* Resources */ = {
			isa = PBXResourcesBuildPhase;
			buildActionMask = 2147483647;
			files = (
				7CA93C27240FA6DC00C27267 /* LaunchScreen.storyboard in Resources */,
				7CA93C24240FA6DC00C27267 /* Assets.xcassets in Resources */,
				7CA93C22240FA6D900C27267 /* Main.storyboard in Resources */,
			);
			runOnlyForDeploymentPostprocessing = 0;
		};
/* End PBXResourcesBuildPhase section */

/* Begin PBXSourcesBuildPhase section */
		7CA93C13240FA6D900C27267 /* Sources */ = {
			isa = PBXSourcesBuildPhase;
			buildActionMask = 2147483647;
			files = (
				7CA93D02240FAE9300C27267 /* DJIProxyCaches.mm in Sources */,
				7CA93C1F240FA6D900C27267 /* ViewController.swift in Sources */,
				7C0AABF82411EAB20016431A /* Hello+Private.mm in Sources */,
				7CA93C1B240FA6D900C27267 /* AppDelegate.swift in Sources */,
				7C0AABF92411EAB20016431A /* MyRecord+Private.mm in Sources */,
				7CA93C1D240FA6D900C27267 /* SceneDelegate.swift in Sources */,
				7CA93D03240FAE9300C27267 /* DJIError.mm in Sources */,
				7CA93D15240FB79500C27267 /* hello_impl.cpp in Sources */,
				7CA93D3E240FD3E200C27267 /* MyRecord.swift in Sources */,
			);
			runOnlyForDeploymentPostprocessing = 0;
		};
/* End PBXSourcesBuildPhase section */

/* Begin PBXVariantGroup section */
		7CA93C20240FA6D900C27267 /* Main.storyboard */ = {
			isa = PBXVariantGroup;
			children = (
				7CA93C21240FA6D900C27267 /* Base */,
			);
			name = Main.storyboard;
			sourceTree = "<group>";
		};
		7CA93C25240FA6DC00C27267 /* LaunchScreen.storyboard */ = {
			isa = PBXVariantGroup;
			children = (
				7CA93C26240FA6DC00C27267 /* Base */,
			);
			name = LaunchScreen.storyboard;
			sourceTree = "<group>";
		};
/* End PBXVariantGroup section */

/* Begin XCBuildConfiguration section */
		7CA93C29240FA6DC00C27267 /* Debug */ = {
			isa = XCBuildConfiguration;
			buildSettings = {
				ALWAYS_SEARCH_USER_PATHS = NO;
				CLANG_ANALYZER_NONNULL = YES;
				CLANG_ANALYZER_NUMBER_OBJECT_CONVERSION = YES_AGGRESSIVE;
				CLANG_CXX_LANGUAGE_STANDARD = "gnu++14";
				CLANG_CXX_LIBRARY = "libc++";
				CLANG_ENABLE_MODULES = YES;
				CLANG_ENABLE_OBJC_ARC = YES;
				CLANG_ENABLE_OBJC_WEAK = YES;
				CLANG_WARN_BLOCK_CAPTURE_AUTORELEASING = YES;
				CLANG_WARN_BOOL_CONVERSION = YES;
				CLANG_WARN_COMMA = YES;
				CLANG_WARN_CONSTANT_CONVERSION = YES;
				CLANG_WARN_DEPRECATED_OBJC_IMPLEMENTATIONS = YES;
				CLANG_WARN_DIRECT_OBJC_ISA_USAGE = YES_ERROR;
				CLANG_WARN_DOCUMENTATION_COMMENTS = YES;
				CLANG_WARN_EMPTY_BODY = YES;
				CLANG_WARN_ENUM_CONVERSION = YES;
				CLANG_WARN_INFINITE_RECURSION = YES;
				CLANG_WARN_INT_CONVERSION = YES;
				CLANG_WARN_NON_LITERAL_NULL_CONVERSION = YES;
				CLANG_WARN_OBJC_IMPLICIT_RETAIN_SELF = YES;
				CLANG_WARN_OBJC_LITERAL_CONVERSION = YES;
				CLANG_WARN_OBJC_ROOT_CLASS = YES_ERROR;
				CLANG_WARN_RANGE_LOOP_ANALYSIS = YES;
				CLANG_WARN_STRICT_PROTOTYPES = YES;
				CLANG_WARN_SUSPICIOUS_MOVE = YES;
				CLANG_WARN_UNGUARDED_AVAILABILITY = YES_AGGRESSIVE;
				CLANG_WARN_UNREACHABLE_CODE = YES;
				CLANG_WARN__DUPLICATE_METHOD_MATCH = YES;
				COPY_PHASE_STRIP = NO;
				DEBUG_INFORMATION_FORMAT = dwarf;
				ENABLE_STRICT_OBJC_MSGSEND = YES;
				ENABLE_TESTABILITY = YES;
				GCC_C_LANGUAGE_STANDARD = gnu11;
				GCC_DYNAMIC_NO_PIC = NO;
				GCC_NO_COMMON_BLOCKS = YES;
				GCC_OPTIMIZATION_LEVEL = 0;
				GCC_PREPROCESSOR_DEFINITIONS = (
					"DEBUG=1",
					"$(inherited)",
				);
				GCC_WARN_64_TO_32_BIT_CONVERSION = YES;
				GCC_WARN_ABOUT_RETURN_TYPE = YES_ERROR;
				GCC_WARN_UNDECLARED_SELECTOR = YES;
				GCC_WARN_UNINITIALIZED_AUTOS = YES_AGGRESSIVE;
				GCC_WARN_UNUSED_FUNCTION = YES;
				GCC_WARN_UNUSED_VARIABLE = YES;
				IPHONEOS_DEPLOYMENT_TARGET = 13.2;
				MTL_ENABLE_DEBUG_INFO = INCLUDE_SOURCE;
				MTL_FAST_MATH = YES;
				ONLY_ACTIVE_ARCH = YES;
				SDKROOT = iphoneos;
				SWIFT_ACTIVE_COMPILATION_CONDITIONS = DEBUG;
				SWIFT_OPTIMIZATION_LEVEL = "-Onone";
			};
			name = Debug;
		};
		7CA93C2A240FA6DC00C27267 /* Release */ = {
			isa = XCBuildConfiguration;
			buildSettings = {
				ALWAYS_SEARCH_USER_PATHS = NO;
				CLANG_ANALYZER_NONNULL = YES;
				CLANG_ANALYZER_NUMBER_OBJECT_CONVERSION = YES_AGGRESSIVE;
				CLANG_CXX_LANGUAGE_STANDARD = "gnu++14";
				CLANG_CXX_LIBRARY = "libc++";
				CLANG_ENABLE_MODULES = YES;
				CLANG_ENABLE_OBJC_ARC = YES;
				CLANG_ENABLE_OBJC_WEAK = YES;
				CLANG_WARN_BLOCK_CAPTURE_AUTORELEASING = YES;
				CLANG_WARN_BOOL_CONVERSION = YES;
				CLANG_WARN_COMMA = YES;
				CLANG_WARN_CONSTANT_CONVERSION = YES;
				CLANG_WARN_DEPRECATED_OBJC_IMPLEMENTATIONS = YES;
				CLANG_WARN_DIRECT_OBJC_ISA_USAGE = YES_ERROR;
				CLANG_WARN_DOCUMENTATION_COMMENTS = YES;
				CLANG_WARN_EMPTY_BODY = YES;
				CLANG_WARN_ENUM_CONVERSION = YES;
				CLANG_WARN_INFINITE_RECURSION = YES;
				CLANG_WARN_INT_CONVERSION = YES;
				CLANG_WARN_NON_LITERAL_NULL_CONVERSION = YES;
				CLANG_WARN_OBJC_IMPLICIT_RETAIN_SELF = YES;
				CLANG_WARN_OBJC_LITERAL_CONVERSION = YES;
				CLANG_WARN_OBJC_ROOT_CLASS = YES_ERROR;
				CLANG_WARN_RANGE_LOOP_ANALYSIS = YES;
				CLANG_WARN_STRICT_PROTOTYPES = YES;
				CLANG_WARN_SUSPICIOUS_MOVE = YES;
				CLANG_WARN_UNGUARDED_AVAILABILITY = YES_AGGRESSIVE;
				CLANG_WARN_UNREACHABLE_CODE = YES;
				CLANG_WARN__DUPLICATE_METHOD_MATCH = YES;
				COPY_PHASE_STRIP = NO;
				DEBUG_INFORMATION_FORMAT = "dwarf-with-dsym";
				ENABLE_NS_ASSERTIONS = NO;
				ENABLE_STRICT_OBJC_MSGSEND = YES;
				GCC_C_LANGUAGE_STANDARD = gnu11;
				GCC_NO_COMMON_BLOCKS = YES;
				GCC_WARN_64_TO_32_BIT_CONVERSION = YES;
				GCC_WARN_ABOUT_RETURN_TYPE = YES_ERROR;
				GCC_WARN_UNDECLARED_SELECTOR = YES;
				GCC_WARN_UNINITIALIZED_AUTOS = YES_AGGRESSIVE;
				GCC_WARN_UNUSED_FUNCTION = YES;
				GCC_WARN_UNUSED_VARIABLE = YES;
				IPHONEOS_DEPLOYMENT_TARGET = 13.2;
				MTL_ENABLE_DEBUG_INFO = NO;
				MTL_FAST_MATH = YES;
				SDKROOT = iphoneos;
				SWIFT_COMPILATION_MODE = wholemodule;
				SWIFT_OPTIMIZATION_LEVEL = "-O";
				VALIDATE_PRODUCT = YES;
			};
			name = Release;
		};
		7CA93C2C240FA6DC00C27267 /* Debug */ = {
			isa = XCBuildConfiguration;
			buildSettings = {
				ASSETCATALOG_COMPILER_APPICON_NAME = AppIcon;
				CLANG_CXX_LANGUAGE_STANDARD = "c++17";
				CODE_SIGN_STYLE = Automatic;
				DEVELOPMENT_TEAM = WC64T22ANZ;
				HEADER_SEARCH_PATHS = (
					"../../../../support-lib/extension/json/**",
					"../../../../support-lib/objc",
				);
				INFOPLIST_FILE = djinni_ios_example/Info.plist;
				LD_RUNPATH_SEARCH_PATHS = (
					"$(inherited)",
					"@executable_path/Frameworks",
				);
				PRODUCT_BUNDLE_IDENTIFIER = "com.misfitwearables.djinni-ios-example";
				PRODUCT_NAME = "$(TARGET_NAME)";
				SWIFT_OBJC_BRIDGING_HEADER = djinni_ios_example/Header.h;
				SWIFT_VERSION = 5.0;
				TARGETED_DEVICE_FAMILY = "1,2";
				USER_HEADER_SEARCH_PATHS = "../../../../support-lib";
			};
			name = Debug;
		};
		7CA93C2D240FA6DC00C27267 /* Release */ = {
			isa = XCBuildConfiguration;
			buildSettings = {
				ASSETCATALOG_COMPILER_APPICON_NAME = AppIcon;
				CLANG_CXX_LANGUAGE_STANDARD = "c++17";
				CODE_SIGN_STYLE = Automatic;
				DEVELOPMENT_TEAM = WC64T22ANZ;
				HEADER_SEARCH_PATHS = (
					"../../../../support-lib/extension/json/**",
					"../../../../support-lib/objc",
				);
				INFOPLIST_FILE = djinni_ios_example/Info.plist;
				LD_RUNPATH_SEARCH_PATHS = (
					"$(inherited)",
					"@executable_path/Frameworks",
				);
				PRODUCT_BUNDLE_IDENTIFIER = "com.misfitwearables.djinni-ios-example";
				PRODUCT_NAME = "$(TARGET_NAME)";
				SWIFT_OBJC_BRIDGING_HEADER = djinni_ios_example/Header.h;
				SWIFT_VERSION = 5.0;
				TARGETED_DEVICE_FAMILY = "1,2";
				USER_HEADER_SEARCH_PATHS = "../../../../support-lib";
			};
			name = Release;
		};
/* End XCBuildConfiguration section */

/* Begin XCConfigurationList section */
		7CA93C12240FA6D900C27267 /* Build configuration list for PBXProject "djinni_ios_example" */ = {
			isa = XCConfigurationList;
			buildConfigurations = (
				7CA93C29240FA6DC00C27267 /* Debug */,
				7CA93C2A240FA6DC00C27267 /* Release */,
			);
			defaultConfigurationIsVisible = 0;
			defaultConfigurationName = Release;
		};
		7CA93C2B240FA6DC00C27267 /* Build configuration list for PBXNativeTarget "djinni_ios_example" */ = {
			isa = XCConfigurationList;
			buildConfigurations = (
				7CA93C2C240FA6DC00C27267 /* Debug */,
				7CA93C2D240FA6DC00C27267 /* Release */,
			);
			defaultConfigurationIsVisible = 0;
			defaultConfigurationName = Release;
		};
/* End XCConfigurationList section */
	};
	rootObject = 7CA93C0F240FA6D900C27267 /* Project object */;
}
